Microsoft Visual Studio Solution File, Format Version 12.00
# Visual Studio Version 17
VisualStudioVersion = 17.0.31903.59
MinimumVisualStudioVersion = 10.0.40219.1
Project("{2150E333-8FDC-42A3-9474-1A3956D46DE8}") = "src", "src", "{E0C9F3A2-1234-4567-8901-234567890123}"
EndProject
Project("{9A19103F-16F7-4668-BE54-9A1E7A4F7556}") = "ResvgSharp", "src\ResvgSharp\ResvgSharp.csproj", "{A1B2C3D4-5678-9012-3456-789012345678}"
EndProject
Project("{2150E333-8FDC-42A3-9474-1A3956D46DE8}") = "tests", "tests", "{F0D9E8C7-6543-2109-8765-432109876543}"
EndProject
Project("{9A19103F-16F7-4668-BE54-9A1E7A4F7556}") = "ResvgSharp.Tests", "tests\ResvgSharp.Tests\ResvgSharp.Tests.csproj", "{B2C3D4E5-6789-0123-4567-890123456789}"
EndProject
Global
	GlobalSection(SolutionConfigurationPlatforms) = preSolution
		Debug|Any CPU = Debug|Any CPU
		Release|Any CPU = Release|Any CPU
	EndGlobalSection
	GlobalSection(ProjectConfigurationPlatforms) = postSolution
		{A1B2C3D4-5678-9012-3456-789012345678}.Debug|Any CPU.ActiveCfg = Debug|Any CPU
		{A1B2C3D4-5678-9012-3456-789012345678}.Debug|Any CPU.Build.0 = Debug|Any CPU
		{A1B2C3D4-5678-9012-3456-789012345678}.Release|Any CPU.ActiveCfg = Release|Any CPU
		{A1B2C3D4-5678-9012-3456-789012345678}.Release|Any CPU.Build.0 = Release|Any CPU
		{B2C3D4E5-6789-0123-4567-890123456789}.Debug|Any CPU.ActiveCfg = Debug|Any CPU
		{B2C3D4E5-6789-0123-4567-890123456789}.Debug|Any CPU.Build.0 = Debug|Any CPU
		{B2C3D4E5-6789-0123-4567-890123456789}.Release|Any CPU.ActiveCfg = Release|Any CPU
		{B2C3D4E5-6789-0123-4567-890123456789}.Release|Any CPU.Build.0 = Release|Any CPU
	EndGlobalSection
	GlobalSection(SolutionProperties) = preSolution
		HideSolutionNode = FALSE
	EndGlobalSection
	GlobalSection(NestedProjects) = preSolution
		{A1B2C3D4-5678-9012-3456-789012345678} = {E0C9F3A2-1234-4567-8901-234567890123}
		{B2C3D4E5-6789-0123-4567-890123456789} = {F0D9E8C7-6543-2109-8765-432109876543}
	EndGlobalSection
EndGlobal